{
  "version": "5",
  "specifiers": {
    "npm:circomlibjs@0.1.7": "0.1.7"
  },
  "npm": {
    "@ethersproject/abi@5.8.0": {
      "integrity": "sha512-b9YS/43ObplgyV6SlyQsG53/vkSal0MNA1fskSC4mbnCMi8R+NkcH8K9FPYNESf6jUefBUniE4SOKms0E/KK1Q==",
      "dependencies": [
        "@ethersproject/address",
        "@ethersproject/bignumber",
        "@ethersproject/bytes",
        "@ethersproject/constants",
        "@ethersproject/hash",
        "@ethersproject/keccak256",
        "@ethersproject/logger",
        "@ethersproject/properties",
        "@ethersproject/strings"
      ]
    },
    "@ethersproject/abstract-provider@5.8.0": {
      "integrity": "sha512-wC9SFcmh4UK0oKuLJQItoQdzS/qZ51EJegK6EmAWlh+OptpQ/npECOR3QqECd8iGHC0RJb4WKbVdSfif4ammrg==",
      "dependencies": [
        "@ethersproject/bignumber",
        "@ethersproject/bytes",
        "@ethersproject/logger",
        "@ethersproject/networks",
        "@ethersproject/properties",
        "@ethersproject/transactions",
        "@ethersproject/web"
      ]
    },
    "@ethersproject/abstract-signer@5.8.0": {
      "integrity": "sha512-N0XhZTswXcmIZQdYtUnd79VJzvEwXQw6PK0dTl9VoYrEBxxCPXqS0Eod7q5TNKRxe1/5WUMuR0u0nqTF/avdCA==",
      "dependencies": [
        "@ethersproject/abstract-provider",
        "@ethersproject/bignumber",
        "@ethersproject/bytes",
        "@ethersproject/logger",
        "@ethersproject/properties"
      ]
    },
    "@ethersproject/address@5.8.0": {
      "integrity": "sha512-GhH/abcC46LJwshoN+uBNoKVFPxUuZm6dA257z0vZkKmU1+t8xTn8oK7B9qrj8W2rFRMch4gbJl6PmVxjxBEBA==",
      "dependencies": [
        "@ethersproject/bignumber",
        "@ethersproject/bytes",
        "@ethersproject/keccak256",
        "@ethersproject/logger",
        "@ethersproject/rlp"
      ]
    },
    "@ethersproject/base64@5.8.0": {
      "integrity": "sha512-lN0oIwfkYj9LbPx4xEkie6rAMJtySbpOAFXSDVQaBnAzYfB4X2Qr+FXJGxMoc3Bxp2Sm8OwvzMrywxyw0gLjIQ==",
      "dependencies": [
        "@ethersproject/bytes"
      ]
    },
    "@ethersproject/basex@5.8.0": {
      "integrity": "sha512-PIgTszMlDRmNwW9nhS6iqtVfdTAKosA7llYXNmGPw4YAI1PUyMv28988wAb41/gHF/WqGdoLv0erHaRcHRKW2Q==",
      "dependencies": [
        "@ethersproject/bytes",
        "@ethersproject/properties"
      ]
    },
    "@ethersproject/bignumber@5.8.0": {
      "integrity": "sha512-ZyaT24bHaSeJon2tGPKIiHszWjD/54Sz8t57Toch475lCLljC6MgPmxk7Gtzz+ddNN5LuHea9qhAe0x3D+uYPA==",
      "dependencies": [
        "@ethersproject/bytes",
        "@ethersproject/logger",
        "bn.js@5.2.5"
      ]
    },
    "@ethersproject/bytes@5.8.0": {
      "integrity": "sha512-vTkeohgJVCPVHu5c25XWaWQOZ4v+DkGoC42/TS2ond+PARCxTJvgTFUNDZovyQ/uAQ4EcpqqowKydcdmRKjg7A==",
      "dependencies": [
        "@ethersproject/logger"
      ]
    },
    "@ethersproject/constants@5.8.0": {
      "integrity": "sha512-wigX4lrf5Vu+axVTIvNsuL6YrV4O5AXl5ubcURKMEME5TnWBouUh0CDTWxZ2GpnRn1kcCgE7l8O5+VbV9QTTcg==",
      "dependencies": [
        "@ethersproject/bignumber"
      ]
    },
    "@ethersproject/contracts@5.8.0": {
      "integrity": "sha512-0eFjGz9GtuAi6MZwhb4uvUM216F38xiuR0yYCjKJpNfSEy4HUM8hvqqBj9Jmm0IUz8l0xKEhWwLIhPgxNY0yvQ==",
      "dependencies": [
        "@ethersproject/abi",
        "@ethersproject/abstract-provider",
        "@ethersproject/abstract-signer",
        "@ethersproject/address",
        "@ethersproject/bignumber",
        "@ethersproject/bytes",
        "@ethersproject/constants",
        "@ethersproject/logger",
        "@ethersproject/properties",
        "@ethersproject/transactions"
      ]
    },
    "@ethersproject/hash@5.8.0": {
      "integrity": "sha512-ac/lBcTbEWW/VGJij0CNSw/wPcw9bSRgCB0AIBz8CvED/jfvDoV9hsIIiWfvWmFEi8RcXtlNwp2jv6ozWOsooA==",
      "dependencies": [
        "@ethersproject/abstract-signer",
        "@ethersproject/address",
        "@ethersproject/base64",
        "@ethersproject/bignumber",
        "@ethersproject/bytes",
        "@ethersproject/keccak256",
        "@ethersproject/logger",
        "@ethersproject/properties",
        "@ethersproject/strings"
      ]
    },
    "@ethersproject/hdnode@5.8.0": {
      "integrity": "sha512-4bK1VF6E83/3/Im0ERnnUeWOY3P1BZml4ZD3wcH8Ys0/d1h1xaFt6Zc+Dh9zXf9TapGro0T4wvO71UTCp3/uoA==",
      "dependencies": [
        "@ethersproject/abstract-signer",
        "@ethersproject/basex",
        "@ethersproject/bignumber",
        "@ethersproject/bytes",
        "@ethersproject/logger",
        "@ethersproject/pbkdf2",
        "@ethersproject/properties",
        "@ethersproject/sha2",
        "@ethersproject/signing-key",
        "@ethersproject/strings",
        "@ethersproject/transactions",
        "@ethersproject/wordlists"
      ]
    },
    "@ethersproject/json-wallets@5.8.0": {
      "integrity": "sha512-HxblNck8FVUtNxS3VTEYJAcwiKYsBIF77W15HufqlBF9gGfhmYOJtYZp8fSDZtn9y5EaXTE87zDwzxRoTFk11w==",
      "dependencies": [
        "@ethersproject/abstract-signer",
        "@ethersproject/address",
        "@ethersproject/bytes",
        "@ethersproject/hdnode",
        "@ethersproject/keccak256",
        "@ethersproject/logger",
        "@ethersproject/pbkdf2",
        "@ethersproject/properties",
        "@ethersproject/random",
        "@ethersproject/strings",
        "@ethersproject/transactions",
        "aes-js",
        "scrypt-js"
      ]
    },
    "@ethersproject/keccak256@5.8.0": {
      "integrity": "sha512-A1pkKLZSz8pDaQ1ftutZoaN46I6+jvuqugx5KYNeQOPqq+JZ0Txm7dlWesCHB5cndJSu5vP2VKptKf7cksERng==",
      "dependencies": [
        "@ethersproject/bytes",
        "js-sha3"
      ]
    },
    "@ethersproject/logger@5.8.0": {
      "integrity": "sha512-Qe6knGmY+zPPWTC+wQrpitodgBfH7XoceCGL5bJVejmH+yCS3R8jJm8iiWuvWbG76RUmyEG53oqv6GMVWqunjA=="
    },
    "@ethersproject/networks@5.8.0": {
      "integrity": "sha512-egPJh3aPVAzbHwq8DD7Po53J4OUSsA1MjQp8Vf/OZPav5rlmWUaFLiq8cvQiGK0Z5K6LYzm29+VA/p4RL1FzNg==",
      "dependencies": [
        "@ethersproject/logger"
      ]
    },
    "@ethersproject/pbkdf2@5.8.0": {
      "integrity": "sha512-wuHiv97BrzCmfEaPbUFpMjlVg/IDkZThp9Ri88BpjRleg4iePJaj2SW8AIyE8cXn5V1tuAaMj6lzvsGJkGWskg==",
      "dependencies": [
        "@ethersproject/bytes",
        "@ethersproject/sha2"
      ]
    },
    "@ethersproject/properties@5.8.0": {
      "integrity": "sha512-PYuiEoQ+FMaZZNGrStmN7+lWjlsoufGIHdww7454FIaGdbe/p5rnaCXTr5MtBYl3NkeoVhHZuyzChPeGeKIpQw==",
      "dependencies": [
        "@ethersproject/logger"
      ]
    },
    "@ethersproject/providers@5.8.0": {
      "integrity": "sha512-3Il3oTzEx3o6kzcg9ZzbE+oCZYyY+3Zh83sKkn4s1DZfTUjIegHnN2Cm0kbn9YFy45FDVcuCLLONhU7ny0SsCw==",
      "dependencies": [
        "@ethersproject/abstract-provider",
        "@ethersproject/abstract-signer",
        "@ethersproject/address",
        "@ethersproject/base64",
        "@ethersproject/basex",
        "@ethersproject/bignumber",
        "@ethersproject/bytes",
        "@ethersproject/constants",
        "@ethersproject/hash",
        "@ethersproject/logger",
        "@ethersproject/networks",
        "@ethersproject/properties",
        "@ethersproject/random",
        "@ethersproject/rlp",
        "@ethersproject/sha2",
        "@ethersproject/strings",
        "@ethersproject/transactions",
        "@ethersproject/web",
        "bech32",
        "ws"
      ]
    },
    "@ethersproject/random@5.8.0": {
      "integrity": "sha512-E4I5TDl7SVqyg4/kkA/qTfuLWAQGXmSOgYyO01So8hLfwgKvYK5snIlzxJMk72IFdG/7oh8yuSqY2KX7MMwg+A==",
      "dependencies": [
        "@ethersproject/bytes",
        "@ethersproject/logger"
      ]
    },
    "@ethersproject/rlp@5.8.0": {
      "integrity": "sha512-LqZgAznqDbiEunaUvykH2JAoXTT9NV0Atqk8rQN9nx9SEgThA/WMx5DnW8a9FOufo//6FZOCHZ+XiClzgbqV9Q==",
      "dependencies": [
        "@ethersproject/bytes",
        "@ethersproject/logger"
      ]
    },
    "@ethersproject/sha2@5.8.0": {
      "integrity": "sha512-dDOUrXr9wF/YFltgTBYS0tKslPEKr6AekjqDW2dbn1L1xmjGR+9GiKu4ajxovnrDbwxAKdHjW8jNcwfz8PAz4A==",
      "dependencies": [
        "@ethersproject/bytes",
        "@ethersproject/logger",
        "hash.js"
      ]
    },
    "@ethersproject/signing-key@5.8.0": {
      "integrity": "sha512-LrPW2ZxoigFi6U6aVkFN/fa9Yx/+4AtIUe4/HACTvKJdhm0eeb107EVCIQcrLZkxaSIgc/eCrX8Q1GtbH+9n3w==",
      "dependencies": [
        "@ethersproject/bytes",
        "@ethersproject/logger",
        "@ethersproject/properties",
        "bn.js@5.2.5",
        "elliptic",
        "hash.js"
      ]
    },
    "@ethersproject/solidity@5.8.0": {
      "integrity": "sha512-4CxFeCgmIWamOHwYN9d+QWGxye9qQLilpgTU0XhYs1OahkclF+ewO+3V1U0mvpiuQxm5EHHmv8f7ClVII8EHsA==",
      "dependencies": [
        "@ethersproject/bignumber",
        "@ethersproject/bytes",
        "@ethersproject/keccak256",
        "@ethersproject/logger",
        "@ethersproject/sha2",
        "@ethersproject/strings"
      ]
    },
    "@ethersproject/strings@5.8.0": {
      "integrity": "sha512-qWEAk0MAvl0LszjdfnZ2uC8xbR2wdv4cDabyHiBh3Cldq/T8dPH3V4BbBsAYJUeonwD+8afVXld274Ls+Y1xXg==",
      "dependencies": [
        "@ethersproject/bytes",
        "@ethersproject/constants",
        "@ethersproject/logger"
      ]
    },
    "@ethersproject/transactions@5.8.0": {
      "integrity": "sha512-UglxSDjByHG0TuU17bDfCemZ3AnKO2vYrL5/2n2oXvKzvb7Cz+W9gOWXKARjp2URVwcWlQlPOEQyAviKwT4AHg==",
      "dependencies": [
        "@ethersproject/address",
        "@ethersproject/bignumber",
        "@ethersproject/bytes",
        "@ethersproject/constants",
        "@ethersproject/keccak256",
        "@ethersproject/logger",
        "@ethersproject/properties",
        "@ethersproject/rlp",
        "@ethersproject/signing-key"
      ]
    },
    "@ethersproject/units@5.8.0": {
      "integrity": "sha512-lxq0CAnc5kMGIiWW4Mr041VT8IhNM+Pn5T3haO74XZWFulk7wH1Gv64HqE96hT4a7iiNMdOCFEBgaxWuk8ETKQ==",
      "dependencies": [
        "@ethersproject/bignumber",
        "@ethersproject/constants",
        "@ethersproject/logger"
      ]
    },
    "@ethersproject/wallet@5.8.0": {
      "integrity": "sha512-G+jnzmgg6UxurVKRKvw27h0kvG75YKXZKdlLYmAHeF32TGUzHkOFd7Zn6QHOTYRFWnfjtSSFjBowKo7vfrXzPA==",
      "dependencies": [
        "@ethersproject/abstract-provider",
        "@ethersproject/abstract-signer",
        "@ethersproject/address",
        "@ethersproject/bignumber",
        "@ethersproject/bytes",
        "@ethersproject/hash",
        "@ethersproject/hdnode",
        "@ethersproject/json-wallets",
        "@ethersproject/keccak256",
        "@ethersproject/logger",
        "@ethersproject/properties",
        "@ethersproject/random",
        "@ethersproject/signing-key",
        "@ethersproject/transactions",
        "@ethersproject/wordlists"
      ]
    },
    "@ethersproject/web@5.8.0": {
      "integrity": "sha512-j7+Ksi/9KfGviws6Qtf9Q7KCqRhpwrYKQPs+JBA/rKVFF/yaWLHJEH3zfVP2plVu+eys0d2DlFmhoQJayFewcw==",
      "dependencies": [
        "@ethersproject/base64",
        "@ethersproject/bytes",
        "@ethersproject/logger",
        "@ethersproject/properties",
        "@ethersproject/strings"
      ]
    },
    "@ethersproject/wordlists@5.8.0": {
      "integrity": "sha512-2df9bbXicZws2Sb5S6ET493uJ0Z84Fjr3pC4tu/qlnZERibZCeUVuqdtt+7Tv9xxhUxHoIekIA7avrKUWHrezg==",
      "dependencies": [
        "@ethersproject/bytes",
        "@ethersproject/hash",
        "@ethersproject/logger",
        "@ethersproject/properties",
        "@ethersproject/strings"
      ]
    },
    "aes-js@3.0.0": {
      "integrity": "sha512-H7wUZRn8WpTq9jocdxQ2c8x2sKo9ZVmzfRE13GiNJXfp7NcKYEdvl3vspKjXox6RIG2VtaRe4JFvxG4rqp2Zuw=="
    },
    "b4a@1.8.1": {
      "integrity": "sha512-aiqre1Nr0B/6DgE2N5vwTc+2/oQZ4Wh1t4NznYY4E00y8LCt6NqdRv81so00oo27D8MVKTpUa/MwUUtBLXCoDw=="
    },
    "bech32@1.1.4": {
      "integrity": "sha512-s0IrSOzLlbvX7yp4WBfPITzpAU8sqQcpsmwXDiKwrG4r491vwCO/XpejasRNl0piBMe/DvP4Tz0mIS/X1DPJBQ=="
    },
    "blake-hash@2.0.0": {
      "integrity": "sha512-Igj8YowDu1PRkRsxZA7NVkdFNxH5rKv5cpLxQ0CVXSIA77pVYwCPRQJ2sMew/oneUpfuYRyjG6r8SmmmnbZb1w==",
      "dependencies": [
        "node-addon-api",
        "node-gyp-build",
        "readable-stream"
      ],
      "scripts": true
    },
    "blake2b-wasm@2.4.0": {
      "integrity": "sha512-S1kwmW2ZhZFFFOghcx73+ZajEfKBqhP82JMssxtLVMxlaPea1p9uoLiUZ5WYyHn0KddwbLc+0vh4wR0KBNoT5w==",
      "dependencies": [
        "b4a",
        "nanoassert"
      ]
    },
    "blake2b@2.1.4": {
      "integrity": "sha512-AyBuuJNI64gIvwx13qiICz6H6hpmjvYS5DGkG6jbXMOT8Z3WUJ3V1X0FlhIoT1b/5JtHE3ki+xjtMvu1nn+t9A==",
      "dependencies": [
        "blake2b-wasm",
        "nanoassert"
      ]
    },
    "bn.js@4.12.5": {
      "integrity": "sha512-3aRg6/JxfffFD+OlOjOFR3Vo79l39ooBTFucxx+MT3dhCtzn3EmiUPQo+6/OZuI2jbXi3YKgmiTFBgChQMwIRQ=="
    },
    "bn.js@5.2.5": {
      "integrity": "sha512-Vq886eXykuP5E6HcKSSStP3bJgrE6In5WKxVUvJ8XGpWWYs2xZHWqUwzCtGgEtBcxyd57KBFDPFoUfNzdaHCNg=="
    },
    "brorand@1.1.0": {
      "integrity": "sha512-cKV8tMCEpQs4hK/ik71d6LrPOnpkpGBR0wzxqr68g2m/LB2GxVYQroAjMJZRVM1Y4BCjCKc3vAamxSzOY2RP+w=="
    },
    "circomlibjs@0.1.7": {
      "integrity": "sha512-GRAUoAlKAsiiTa+PA725G9RmEmJJRc8tRFxw/zKktUxlQISGznT4hH4ESvW8FNTsrGg/nNd06sGP/Wlx0LUHVg==",
      "dependencies": [
        "blake-hash",
        "blake2b",
        "ethers",
        "ffjavascript"
      ]
    },
    "elliptic@6.6.1": {
      "integrity": "sha512-RaddvvMatK2LJHqFJ+YA4WysVN5Ita9E35botqIYspQ4TkRAlCicdzKOjlyv/1Za5RyTNn7di//eEV0uTAfe3g==",
      "dependencies": [
        "bn.js@4.12.5",
        "brorand",
        "hash.js",
        "hmac-drbg",
        "inherits",
        "minimalistic-assert",
        "minimalistic-crypto-utils"
      ]
    },
    "ethers@5.8.0": {
      "integrity": "sha512-DUq+7fHrCg1aPDFCHx6UIPb3nmt2XMpM7Y/g2gLhsl3lIBqeAfOJIl1qEvRf2uq3BiKxmh6Fh5pfp2ieyek7Kg==",
      "dependencies": [
        "@ethersproject/abi",
        "@ethersproject/abstract-provider",
        "@ethersproject/abstract-signer",
        "@ethersproject/address",
        "@ethersproject/base64",
        "@ethersproject/basex",
        "@ethersproject/bignumber",
        "@ethersproject/bytes",
        "@ethersproject/constants",
        "@ethersproject/contracts",
        "@ethersproject/hash",
        "@ethersproject/hdnode",
        "@ethersproject/json-wallets",
        "@ethersproject/keccak256",
        "@ethersproject/logger",
        "@ethersproject/networks",
        "@ethersproject/pbkdf2",
        "@ethersproject/properties",
        "@ethersproject/providers",
        "@ethersproject/random",
        "@ethersproject/rlp",
        "@ethersproject/sha2",
        "@ethersproject/signing-key",
        "@ethersproject/solidity",
        "@ethersproject/strings",
        "@ethersproject/transactions",
        "@ethersproject/units",
        "@ethersproject/wallet",
        "@ethersproject/web",
        "@ethersproject/wordlists"
      ]
    },
    "ffjavascript@0.2.63": {
      "integrity": "sha512-dBgdsfGks58b66JnUZeZpGxdMIDQ4QsD3VYlRJyFVrKQHb2kJy4R2gufx5oetrTxXPT+aEjg0dOvOLg1N0on4A==",
      "dependencies": [
        "wasmbuilder",
        "wasmcurves",
        "web-worker"
      ]
    },
    "hash.js@1.1.7": {
      "integrity": "sha512-taOaskGt4z4SOANNseOviYDvjEJinIkRgmp7LbKP2YTTmVxWBl87s/uzK9r+44BclBSp2X7K1hqeNfz9JbBeXA==",
      "dependencies": [
        "inherits",
        "minimalistic-assert"
      ]
    },
    "hmac-drbg@1.0.1": {
      "integrity": "sha512-Tti3gMqLdZfhOQY1Mzf/AanLiqh1WTiJgEj26ZuYQ9fbkLomzGchCws4FyrSd4VkpBfiNhaE1On+lOz894jvXg==",
      "dependencies": [
        "hash.js",
        "minimalistic-assert",
        "minimalistic-crypto-utils"
      ]
    },
    "inherits@2.0.4": {
      "integrity": "sha512-k/vGaX4/Yla3WzyMCvTQOXYeIHvqOKtnqBduzTHpzpQZzAskKMhZ2K+EnBiSM9zGSoIFeMpXKxa4dYeZIQqewQ=="
    },
    "js-sha3@0.8.0": {
      "integrity": "sha512-gF1cRrHhIzNfToc802P800N8PpXS+evLLXfsVpowqmAFR9uwbi89WvXg2QspOmXL8QL86J4T1EpFu+yUkwJY3Q=="
    },
    "minimalistic-assert@1.0.1": {
      "integrity": "sha512-UtJcAD4yEaGtjPezWuO9wC4nwUnVH/8/Im3yEHQP4b67cXlD/Qr9hdITCU1xDbSEXg2XKNaP8jsReV7vQd00/A=="
    },
    "minimalistic-crypto-utils@1.0.1": {
      "integrity": "sha512-JIYlbt6g8i5jKfJ3xz7rF0LXmv2TkDxBLUkiBeZ7bAx4GnnNMr8xFpGnOxn6GhTEHx3SjRrZEoU+j04prX1ktg=="
    },
    "nanoassert@2.0.0": {
      "integrity": "sha512-7vO7n28+aYO4J+8w96AzhmU8G+Y/xpPDJz/se19ICsqj/momRbb9mh9ZUtkoJ5X3nTnPdhEJyc0qnM6yAsHBaA=="
    },
    "node-addon-api@3.2.1": {
      "integrity": "sha512-mmcei9JghVNDYydghQmeDX8KoAm0FAiYyIcUt/N4nhyAipB17pllZQDOJD2fotxABnt4Mdz+dKTO7eftLg4d0A=="
    },
    "node-gyp-build@4.8.4": {
      "integrity": "sha512-LA4ZjwlnUblHVgq0oBF3Jl/6h/Nvs5fzBLwdEF4nuxnFdsfajde4WfxtJr3CaiH+F6ewcIB/q4jQ4UzPyid+CQ==",
      "bin": true
    },
    "readable-stream@3.6.2": {
      "integrity": "sha512-9u/sniCrY3D5WdsERHzHE4G2YCXqoG5FTHUiCC4SIbr6XcLZBY05ya9EKjYek9O5xOAwjGq+1JdGBAS7Q9ScoA==",
      "dependencies": [
        "inherits",
        "string_decoder",
        "util-deprecate"
      ]
    },
    "safe-buffer@5.2.1": {
      "integrity": "sha512-rp3So07KcdmmKbGvgaNxQSJr7bGVSVk5S9Eq1F+ppbRo70+YeaDxkw5Dd8NPN+GD6bjnYm2VuPuCXmpuYvmCXQ=="
    },
    "scrypt-js@3.0.1": {
      "integrity": "sha512-cdwTTnqPu0Hyvf5in5asVdZocVDTNRmR7XEcJuIzMjJeSHybHl7vpB66AzwTaIg6CLSbtjcxc8fqcySfnTkccA=="
    },
    "string_decoder@1.3.0": {
      "integrity": "sha512-hkRX8U1WjJFd8LsDJ2yQ/wWWxaopEsABU1XfkM8A+j0+85JAGppt16cr1Whg6KIbb4okU6Mql6BOj+uup/wKeA==",
      "dependencies": [
        "safe-buffer"
      ]
    },
    "util-deprecate@1.0.2": {
      "integrity": "sha512-EPD5q1uXyFxJpCrLnCc1nHnq3gOa6DZBocAIiI2TaSCA7VCJ1UJDMagCzIkXNsUYfD1daK//LTEQ8xiIbrHtcw=="
    },
    "wasmbuilder@0.0.16": {
      "integrity": "sha512-Qx3lEFqaVvp1cEYW7Bfi+ebRJrOiwz2Ieu7ZG2l7YyeSJIok/reEQCQCuicj/Y32ITIJuGIM9xZQppGx5LrQdA=="
    },
    "wasmcurves@0.2.2": {
      "integrity": "sha512-JRY908NkmKjFl4ytnTu5ED6AwPD+8VJ9oc94kdq7h5bIwbj0L4TDJ69mG+2aLs2SoCmGfqIesMWTEJjtYsoQXQ==",
      "dependencies": [
        "wasmbuilder"
      ]
    },
    "web-worker@1.2.0": {
      "integrity": "sha512-PgF341avzqyx60neE9DD+XS26MMNMoUQRz9NOZwW32nPQrF6p77f1htcnjBSEV8BGMKZ16choqUG4hyI0Hx7mA=="
    },
    "ws@8.18.0": {
      "integrity": "sha512-8VbfWfHLbbwu3+N6OKsOMpBdT4kXPDDB9cJk2bJ6mh9ucxdlnNvH1e+roYkKmN9Nxw2yjz7VzeO9oOz2zJ04Pw=="
    }
  },
  "redirects": {
    "https://esm.sh/@types/snarkjs@~0.7.9/index.d.ts": "https://esm.sh/@types/snarkjs@0.7.9/index.d.ts"
  },
  "remote": {
    "https://deno.land/std@0.224.0/assert/_constants.ts": "a271e8ef5a573f1df8e822a6eb9d09df064ad66a4390f21b3e31f820a38e0975",
    "https://deno.land/std@0.224.0/assert/assert.ts": "09d30564c09de846855b7b071e62b5974b001bb72a4b797958fe0660e7849834",
    "https://deno.land/std@0.224.0/assert/assert_almost_equals.ts": "9e416114322012c9a21fa68e187637ce2d7df25bcbdbfd957cd639e65d3cf293",
    "https://deno.land/std@0.224.0/assert/assert_array_includes.ts": "14c5094471bc8e4a7895fc6aa5a184300d8a1879606574cb1cd715ef36a4a3c7",
    "https://deno.land/std@0.224.0/assert/assert_equals.ts": "3bbca947d85b9d374a108687b1a8ba3785a7850436b5a8930d81f34a32cb8c74",
    "https://deno.land/std@0.224.0/assert/assert_exists.ts": "43420cf7f956748ae6ed1230646567b3593cb7a36c5a5327269279c870c5ddfd",
    "https://deno.land/std@0.224.0/assert/assert_false.ts": "3e9be8e33275db00d952e9acb0cd29481a44fa0a4af6d37239ff58d79e8edeff",
    "https://deno.land/std@0.224.0/assert/assert_greater.ts": "5e57b201fd51b64ced36c828e3dfd773412c1a6120c1a5a99066c9b261974e46",
    "https://deno.land/std@0.224.0/assert/assert_greater_or_equal.ts": "9870030f997a08361b6f63400273c2fb1856f5db86c0c3852aab2a002e425c5b",
    "https://deno.land/std@0.224.0/assert/assert_instance_of.ts": "e22343c1fdcacfaea8f37784ad782683ec1cf599ae9b1b618954e9c22f376f2c",
    "https://deno.land/std@0.224.0/assert/assert_is_error.ts": "f856b3bc978a7aa6a601f3fec6603491ab6255118afa6baa84b04426dd3cc491",
    "https://deno.land/std@0.224.0/assert/assert_less.ts": "60b61e13a1982865a72726a5fa86c24fad7eb27c3c08b13883fb68882b307f68",
    "https://deno.land/std@0.224.0/assert/assert_less_or_equal.ts": "d2c84e17faba4afe085e6c9123a63395accf4f9e00150db899c46e67420e0ec3",
    "https://deno.land/std@0.224.0/assert/assert_match.ts": "ace1710dd3b2811c391946954234b5da910c5665aed817943d086d4d4871a8b7",
    "https://deno.land/std@0.224.0/assert/assert_not_equals.ts": "78d45dd46133d76ce624b2c6c09392f6110f0df9b73f911d20208a68dee2ef29",
    "https://deno.land/std@0.224.0/assert/assert_not_instance_of.ts": "3434a669b4d20cdcc5359779301a0588f941ffdc2ad68803c31eabdb4890cf7a",
    "https://deno.land/std@0.224.0/assert/assert_not_match.ts": "df30417240aa2d35b1ea44df7e541991348a063d9ee823430e0b58079a72242a",
    "https://deno.land/std@0.224.0/assert/assert_not_strict_equals.ts": "37f73880bd672709373d6dc2c5f148691119bed161f3020fff3548a0496f71b8",
    "https://deno.land/std@0.224.0/assert/assert_object_match.ts": "411450fd194fdaabc0089ae68f916b545a49d7b7e6d0026e84a54c9e7eed2693",
    "https://deno.land/std@0.224.0/assert/assert_rejects.ts": "4bee1d6d565a5b623146a14668da8f9eb1f026a4f338bbf92b37e43e0aa53c31",
    "https://deno.land/std@0.224.0/assert/assert_strict_equals.ts": "b4f45f0fd2e54d9029171876bd0b42dd9ed0efd8f853ab92a3f50127acfa54f5",
    "https://deno.land/std@0.224.0/assert/assert_string_includes.ts": "496b9ecad84deab72c8718735373feb6cdaa071eb91a98206f6f3cb4285e71b8",
    "https://deno.land/std@0.224.0/assert/assert_throws.ts": "c6508b2879d465898dab2798009299867e67c570d7d34c90a2d235e4553906eb",
    "https://deno.land/std@0.224.0/assert/assertion_error.ts": "ba8752bd27ebc51f723702fac2f54d3e94447598f54264a6653d6413738a8917",
    "https://deno.land/std@0.224.0/assert/equal.ts": "bddf07bb5fc718e10bb72d5dc2c36c1ce5a8bdd3b647069b6319e07af181ac47",
    "https://deno.land/std@0.224.0/assert/fail.ts": "0eba674ffb47dff083f02ced76d5130460bff1a9a68c6514ebe0cdea4abadb68",
    "https://deno.land/std@0.224.0/assert/mod.ts": "48b8cb8a619ea0b7958ad7ee9376500fe902284bb36f0e32c598c3dc34cbd6f3",
    "https://deno.land/std@0.224.0/assert/unimplemented.ts": "8c55a5793e9147b4f1ef68cd66496b7d5ba7a9e7ca30c6da070c1a58da723d73",
    "https://deno.land/std@0.224.0/assert/unreachable.ts": "5ae3dbf63ef988615b93eb08d395dda771c96546565f9e521ed86f6510c29e19",
    "https://deno.land/std@0.224.0/fmt/colors.ts": "508563c0659dd7198ba4bbf87e97f654af3c34eb56ba790260f252ad8012e1c5",
    "https://deno.land/std@0.224.0/internal/diff.ts": "6234a4b493ebe65dc67a18a0eb97ef683626a1166a1906232ce186ae9f65f4e6",
    "https://deno.land/std@0.224.0/internal/format.ts": "0a98ee226fd3d43450245b1844b47003419d34d210fa989900861c79820d21c2",
    "https://deno.land/std@0.224.0/internal/mod.ts": "534125398c8e7426183e12dc255bb635d94e06d0f93c60a297723abe69d3b22e",
    "https://esm.sh/@noble/curves@1.8.2/secp256k1": "32ad9162fa076f3c5408e02bd97f178e941b1d59c1133a59371f2cecb1c9ed98",
    "https://esm.sh/@noble/hashes@1.8.0/sha3": "a7a17807f28322f417e9c6e372d3adf996fa7c5f88edf2a10f3be3f1623688e1",
    "https://esm.sh/@noble/hashes@1.8.0/utils": "18820d033cf3fe7481337101dd51a7bb50bd4a0d9ee8fe97fe9b9e5af8bfd5ee",
    "https://esm.sh/@supabase/supabase-js@2.105.3": "5a134c393ed588a62d398734c1af54ff1eab170090908bbaef624106b5201d41",
    "https://esm.sh/snarkjs@0.7.5/denonext/snarkjs.bundle.mjs": "78af51fed17f5e48545e103327a5b2945cf3994af5ca3667c1cb5dbcd1a16474",
    "https://esm.sh/snarkjs@0.7.5?bundle": "79c2ce5e7a5dcad20e61625e4997ff8e776a438941b8d247f3421da0924dffba",
    "https://esm.sh/viem@2.26.2": "82dcd3c0d072b6d9d265376e2f8e3083c7fba7881a2598843f19ce6c2a8f8844"
  }
}
