{
  "version": "5",
  "redirects": {
    "https://esm.sh/@supabase/supabase-js@2": "https://esm.sh/@supabase/supabase-js@2.105.3",
    "https://esm.sh/@types/circomlibjs@~0.1.6/index.d.ts": "https://esm.sh/@types/circomlibjs@0.1.6/index.d.ts",
    "https://esm.sh/@types/snarkjs@~0.7.9/index.d.ts": "https://esm.sh/@types/snarkjs@0.7.9/index.d.ts"
  },
  "remote": {
    "https://esm.sh/@noble/curves@1.8.2/secp256k1": "32ad9162fa076f3c5408e02bd97f178e941b1d59c1133a59371f2cecb1c9ed98",
    "https://esm.sh/@noble/hashes@1.8.0/sha3": "a7a17807f28322f417e9c6e372d3adf996fa7c5f88edf2a10f3be3f1623688e1",
    "https://esm.sh/@noble/hashes@1.8.0/utils": "18820d033cf3fe7481337101dd51a7bb50bd4a0d9ee8fe97fe9b9e5af8bfd5ee",
    "https://esm.sh/@supabase/supabase-js@2.105.3": "5a134c393ed588a62d398734c1af54ff1eab170090908bbaef624106b5201d41",
    "https://esm.sh/circomlibjs@0.1.7?bundle": "09db154e44d20e03bd4f0db7b15302157e04964b9330946beda0e7149f0fb9cf",
    "https://esm.sh/snarkjs@0.7.5?bundle": "79c2ce5e7a5dcad20e61625e4997ff8e776a438941b8d247f3421da0924dffba",
    "https://esm.sh/viem@2.26.2": "82dcd3c0d072b6d9d265376e2f8e3083c7fba7881a2598843f19ce6c2a8f8844"
  },
  "workspace": {
    "packageJson": {
      "dependencies": [
        "npm:@eslint/js@^9.9.0",
        "npm:@hookform/resolvers@^3.9.0",
        "npm:@radix-ui/react-accordion@^1.2.4",
        "npm:@radix-ui/react-alert-dialog@^1.1.7",
        "npm:@radix-ui/react-aspect-ratio@^1.1.0",
        "npm:@radix-ui/react-avatar@^1.1.0",
        "npm:@radix-ui/react-checkbox@^1.1.5",
        "npm:@radix-ui/react-collapsible@^1.1.0",
        "npm:@radix-ui/react-context-menu@^2.2.1",
        "npm:@radix-ui/react-dialog@^1.1.2",
        "npm:@radix-ui/react-dropdown-menu@^2.1.1",
        "npm:@radix-ui/react-hover-card@^1.1.1",
        "npm:@radix-ui/react-label@^2.1.0",
        "npm:@radix-ui/react-menubar@^1.1.1",
        "npm:@radix-ui/react-navigation-menu@^1.2.0",
        "npm:@radix-ui/react-popover@^1.1.1",
        "npm:@radix-ui/react-progress@^1.1.0",
        "npm:@radix-ui/react-radio-group@^1.2.0",
        "npm:@radix-ui/react-scroll-area@^1.2.4",
        "npm:@radix-ui/react-select@^2.1.1",
        "npm:@radix-ui/react-separator@^1.1.0",
        "npm:@radix-ui/react-slider@^1.2.0",
        "npm:@radix-ui/react-slot@^1.1.0",
        "npm:@radix-ui/react-switch@^1.1.0",
        "npm:@radix-ui/react-tabs@^1.1.0",
        "npm:@radix-ui/react-toast@^1.2.1",
        "npm:@radix-ui/react-toggle-group@^1.1.0",
        "npm:@radix-ui/react-toggle@^1.1.0",
        "npm:@radix-ui/react-tooltip@^1.1.4",
        "npm:@supabase/supabase-js@^2.49.4",
        "npm:@tailwindcss/typography@~0.5.15",
        "npm:@tanstack/react-query@^5.56.2",
        "npm:@types/node@^22.5.5",
        "npm:@types/react-dom@^18.3.0",
        "npm:@types/react@^18.3.3",
        "npm:@vitejs/plugin-react-swc@^3.9.0",
        "npm:@worldcoin/idkit-core@^4.1.0",
        "npm:@worldcoin/idkit@^4.0.11",
        "npm:assert@^2.1.0",
        "npm:autoprefixer@^10.4.20",
        "npm:blake-hash@2",
        "npm:buffer@^6.0.3",
        "npm:circomlibjs@~0.1.7",
        "npm:class-variance-authority@~0.7.1",
        "npm:clsx@^2.1.1",
        "npm:cmdk@1",
        "npm:date-fns@^3.6.0",
        "npm:embla-carousel-react@^8.6.0",
        "npm:eslint-plugin-react-hooks@^5.1.0-rc.0",
        "npm:eslint-plugin-react-refresh@~0.4.9",
        "npm:eslint@^9.9.0",
        "npm:events@^3.3.0",
        "npm:globals@^15.9.0",
        "npm:input-otp@^1.2.4",
        "npm:jsdom@^29.0.1",
        "npm:lovable-tagger@^1.1.8",
        "npm:lucide-react@0.462",
        "npm:next-themes@0.3",
        "npm:patch-package@^8.0.1",
        "npm:poseidon-lite@0.3",
        "npm:postcss@^8.4.47",
        "npm:react-day-picker@^8.10.1",
        "npm:react-dom@^18.3.1",
        "npm:react-hook-form@^7.53.0",
        "npm:react-resizable-panels@^2.1.3",
        "npm:react-router-dom@^6.26.2",
        "npm:react@^18.3.1",
        "npm:recharts@^2.12.7",
        "npm:snarkjs@~0.7.5",
        "npm:sonner@^1.5.0",
        "npm:tailwind-merge@^2.5.2",
        "npm:tailwindcss-animate@^1.0.7",
        "npm:tailwindcss@^3.4.11",
        "npm:tweetnacl-util@~0.15.1",
        "npm:tweetnacl@^1.0.3",
        "npm:typescript-eslint@^8.0.1",
        "npm:typescript@^5.5.3",
        "npm:vaul@~0.9.3",
        "npm:vite@^6.4.1",
        "npm:vitest@^2.1.0",
        "npm:zod@^3.23.8",
        "npm:zokrates-js@^1.1.9"
      ],
      "overrides": {
        "underscore": "1.13.8"
      }
    }
  }
}
